
Microsoft Visual Studio Solution File, Format Version 12.00
# Visual Studio Version 16
VisualStudioVersion = 25.0.1704.0
MinimumVisualStudioVersion = 10.0.40219.1
Project("{FAE04EC0-301F-11D3-BF4B-00C04F79EFBC}") = "MSUnitTesting", "MSUnitTesting\MSUnitTesting.csproj", "{DB979841-56F7-4B98-8243-E2AEFC710AF2}"
EndProject
Global
	GlobalSection(SolutionConfigurationPlatforms) = preSolution
		Debug|Any CPU = Debug|Any CPU
		Release|Any CPU = Release|Any CPU
	EndGlobalSection
	GlobalSection(ProjectConfigurationPlatforms) = postSolution
		{DB979841-56F7-4B98-8243-E2AEFC710AF2}.Debug|Any CPU.ActiveCfg = Debug|Any CPU
		{DB979841-56F7-4B98-8243-E2AEFC710AF2}.Debug|Any CPU.Build.0 = Debug|Any CPU
		{DB979841-56F7-4B98-8243-E2AEFC710AF2}.Release|Any CPU.ActiveCfg = Release|Any CPU
		{DB979841-56F7-4B98-8243-E2AEFC710AF2}.Release|Any CPU.Build.0 = Release|Any CPU
	EndGlobalSection
	GlobalSection(SolutionProperties) = preSolution
		HideSolutionNode = FALSE
	EndGlobalSection
	GlobalSection(ExtensibilityGlobals) = postSolution
		SolutionGuid = {D5162BA2-28AB-47FA-8EA5-3666240A1C1A}
	EndGlobalSection
EndGlobal
